
Microsoft Visual Studio Solution File, Format Version 12.00
# Visual Studio Version 17
VisualStudioVersion = 17.2.32630.192
MinimumVisualStudioVersion = 10.0.40219.1
Project("{9A19103F-16F7-4668-BE54-9A1E7A4F7556}") = "F10Y.S0000", "F10Y.S0000\F10Y.S0000.csproj", "{0FFBDD67-4D1F-4B9E-AC66-2C0BF68A2739}"
EndProject
Project("{2150E333-8FDC-42A3-9474-1A3956D46DE8}") = "_Dependencies", "_Dependencies", "{66245346-50EC-43EE-99CC-6C15B429A76B}"
EndProject
Project("{9A19103F-16F7-4668-BE54-9A1E7A4F7556}") = "F10Y.L0000", "..\..\F10Y.L0000\source\F10Y.L0000\F10Y.L0000.csproj", "{D8452F22-1912-4BF2-AAA0-E45B06A86F90}"
EndProject
Project("{9A19103F-16F7-4668-BE54-9A1E7A4F7556}") = "F10Y.L0004", "..\..\F10Y.L0004\source\F10Y.L0004\F10Y.L0004.csproj", "{B63E7B62-908E-405B-A3C8-DABCC0B21E22}"
EndProject
Project("{9A19103F-16F7-4668-BE54-9A1E7A4F7556}") = "F10Y.L0005", "..\..\F10Y.L0005\source\F10Y.L0005\F10Y.L0005.csproj", "{E7FF9295-8675-49FE-B583-3D2676588855}"
EndProject
Project("{9A19103F-16F7-4668-BE54-9A1E7A4F7556}") = "F10Y.T0000", "..\..\F10Y.T0000\source\F10Y.T0000\F10Y.T0000.csproj", "{736B4840-85B7-4FE0-840B-D2DAE02CBF7B}"
EndProject
Project("{9A19103F-16F7-4668-BE54-9A1E7A4F7556}") = "F10Y.T0001", "..\..\F10Y.T0001\source\F10Y.T0001\F10Y.T0001.csproj", "{F239ED9B-21C8-4BB0-9C2A-ACB2851F3663}"
EndProject
Project("{9A19103F-16F7-4668-BE54-9A1E7A4F7556}") = "F10Y.T0002", "..\..\F10Y.T0002\source\F10Y.T0002\F10Y.T0002.csproj", "{C3D6F613-D76F-47BF-8CDE-86C082EFE538}"
EndProject
Project("{9A19103F-16F7-4668-BE54-9A1E7A4F7556}") = "F10Y.T0003", "..\..\F10Y.T0003\source\F10Y.T0003\F10Y.T0003.csproj", "{29DE9900-E003-44B2-AD23-7D832D6CD941}"
EndProject
Project("{9A19103F-16F7-4668-BE54-9A1E7A4F7556}") = "F10Y.T0004", "..\..\F10Y.T0004\source\F10Y.T0004\F10Y.T0004.csproj", "{286FFE28-F337-4716-BD13-6F72EA786205}"
EndProject
Project("{9A19103F-16F7-4668-BE54-9A1E7A4F7556}") = "F10Y.T0011", "..\..\F10Y.T0011\source\F10Y.T0011\F10Y.T0011.csproj", "{565EEF49-0561-4341-8161-614CF377B5BC}"
EndProject
Project("{9A19103F-16F7-4668-BE54-9A1E7A4F7556}") = "F10Y.Y0000", "..\..\F10Y.Y0000\source\F10Y.Y0000\F10Y.Y0000.csproj", "{2BE31641-8642-44E8-AA0C-4E6D7144137C}"
EndProject
Project("{9A19103F-16F7-4668-BE54-9A1E7A4F7556}") = "F10Y.T0005", "..\..\F10Y.T0005\source\F10Y.T0005\F10Y.T0005.csproj", "{FD641CC8-6A51-425F-A3CA-FC350ED50253}"
EndProject
Project("{9A19103F-16F7-4668-BE54-9A1E7A4F7556}") = "F10Y.T0006", "..\..\F10Y.T0006\source\F10Y.T0006\F10Y.T0006.csproj", "{333DF499-5385-4F54-B22C-5885991DE92F}"
EndProject
Project("{9A19103F-16F7-4668-BE54-9A1E7A4F7556}") = "F10Y.L0019", "..\..\F10Y.L0019\source\F10Y.L0019\F10Y.L0019.csproj", "{9EBD0867-86B3-451D-B993-E5D180F12F78}"
EndProject
Project("{9A19103F-16F7-4668-BE54-9A1E7A4F7556}") = "F10Y.L0020", "..\..\F10Y.L0020\source\F10Y.L0020\F10Y.L0020.csproj", "{6F8851EC-908E-4C6F-8A8B-C9FBA97BD76F}"
EndProject
Project("{9A19103F-16F7-4668-BE54-9A1E7A4F7556}") = "F10Y.L0021.Q000", "..\..\F10Y.L0021\source\F10Y.L0021.Q000\F10Y.L0021.Q000.csproj", "{442E90B7-2B21-4868-88A8-A5F1AFD718B7}"
EndProject
Project("{9A19103F-16F7-4668-BE54-9A1E7A4F7556}") = "F10Y.L0021", "..\..\F10Y.L0021\source\F10Y.L0021\F10Y.L0021.csproj", "{228FA7B4-FA9D-4934-A277-A6F5CD6267F2}"
EndProject
Project("{9A19103F-16F7-4668-BE54-9A1E7A4F7556}") = "F10Y.Z0000", "..\..\F10Y.Z0000\source\F10Y.Z0000\F10Y.Z0000.csproj", "{7A342392-8134-4DDA-BF7C-D8DC6C2572A2}"
EndProject
Project("{9A19103F-16F7-4668-BE54-9A1E7A4F7556}") = "F10Y.L0006", "..\..\F10Y.L0006\source\F10Y.L0006\F10Y.L0006.csproj", "{1BB767F1-FA16-46D2-BB9A-B279BC7B0AF4}"
EndProject
Project("{9A19103F-16F7-4668-BE54-9A1E7A4F7556}") = "F10Y.L0001", "..\..\F10Y.L0001\source\F10Y.L0001\F10Y.L0001.csproj", "{671EC4C3-A5EF-47C7-A76B-4804F775EF18}"
EndProject
Project("{9A19103F-16F7-4668-BE54-9A1E7A4F7556}") = "F10Y.Z0010.Z000", "..\..\F10Y.Z0010\source\F10Y.Z0010.Z000\F10Y.Z0010.Z000.csproj", "{CC01EEF9-8E41-4268-9EE4-D1561DB7943F}"
EndProject
Project("{9A19103F-16F7-4668-BE54-9A1E7A4F7556}") = "F10Y.Z0010.Z001", "..\..\F10Y.Z0010\source\F10Y.Z0010.Z001\F10Y.Z0010.Z001.csproj", "{A06632E1-B087-4D17-A10C-7100F935AD32}"
EndProject
Project("{9A19103F-16F7-4668-BE54-9A1E7A4F7556}") = "F10Y.Z0010.Z002", "..\..\F10Y.Z0010\source\F10Y.Z0010.Z002\F10Y.Z0010.Z002.csproj", "{B938EDDB-C71A-4C70-A49F-607BBE24FBBF}"
EndProject
Project("{9A19103F-16F7-4668-BE54-9A1E7A4F7556}") = "F10Y.Z0010", "..\..\F10Y.Z0010\source\F10Y.Z0010\F10Y.Z0010.csproj", "{E72167B6-FE3D-422F-97BD-B4DE401DB8A3}"
EndProject
Project("{9A19103F-16F7-4668-BE54-9A1E7A4F7556}") = "F10Y.L0006.Z000", "..\..\F10Y.L0006\source\F10Y.L0006.Z000\F10Y.L0006.Z000.csproj", "{13BF7CE0-A18B-4E4F-B953-89955668354B}"
EndProject
Project("{9A19103F-16F7-4668-BE54-9A1E7A4F7556}") = "F10Y.Z0002", "..\..\F10Y.Z0002\source\F10Y.Z0002\F10Y.Z0002.csproj", "{AF597DFD-43E1-4FB1-9F35-06B022AE40F2}"
EndProject
Project("{9A19103F-16F7-4668-BE54-9A1E7A4F7556}") = "F10Y.L0001.Z000", "..\..\F10Y.L0001\source\F10Y.L0001.Z000\F10Y.L0001.Z000.csproj", "{65A610C6-A827-459B-9196-0615F85AACBA}"
EndProject
Project("{9A19103F-16F7-4668-BE54-9A1E7A4F7556}") = "F10Y.L0004.L000", "..\..\F10Y.L0004\source\F10Y.L0004.L000\F10Y.L0004.L000.csproj", "{E80B731F-E784-438F-B415-DF6758F7D25E}"
EndProject
Project("{9A19103F-16F7-4668-BE54-9A1E7A4F7556}") = "F10Y.L0001.L001", "..\..\F10Y.L0001\source\F10Y.L0001.L001\F10Y.L0001.L001.csproj", "{3C3523CB-8088-4B81-9DA0-2E94EE7C2DA4}"
EndProject
Project("{9A19103F-16F7-4668-BE54-9A1E7A4F7556}") = "F10Y.Z0000.Z000", "..\..\F10Y.Z0000\source\F10Y.Z0000.Z000\F10Y.Z0000.Z000.csproj", "{A88FBB89-6EC7-43D1-9748-FE93D00B44AD}"
EndProject
Project("{9A19103F-16F7-4668-BE54-9A1E7A4F7556}") = "F10Y.Z0000.Z001", "..\..\F10Y.Z0000\source\F10Y.Z0000.Z001\F10Y.Z0000.Z001.csproj", "{77B9973C-214A-425A-85F1-013B2BFE611C}"
EndProject
Project("{9A19103F-16F7-4668-BE54-9A1E7A4F7556}") = "F10Y.L0060.Q000", "..\..\F10Y.L0060\source\F10Y.L0060.Q000\F10Y.L0060.Q000.csproj", "{311FB842-9761-4D22-B9CF-12414860AA8C}"
EndProject
Project("{9A19103F-16F7-4668-BE54-9A1E7A4F7556}") = "F10Y.L0060", "..\..\F10Y.L0060\source\F10Y.L0060\F10Y.L0060.csproj", "{18867DD9-8294-43C6-A025-67DE489613DA}"
EndProject
Project("{9A19103F-16F7-4668-BE54-9A1E7A4F7556}") = "F10Y.L0024.Q000", "..\..\F10Y.L0024\source\F10Y.L0024.Q000\F10Y.L0024.Q000.csproj", "{2A43C158-B4EF-4C09-B7E2-3445E09A4CA2}"
EndProject
Project("{9A19103F-16F7-4668-BE54-9A1E7A4F7556}") = "F10Y.L0024", "..\..\F10Y.L0024\source\F10Y.L0024\F10Y.L0024.csproj", "{B8C7E341-B6F8-4AB5-A85E-BD7DC7EEFA78}"
EndProject
Project("{9A19103F-16F7-4668-BE54-9A1E7A4F7556}") = "F10Y.NG0003", "..\..\F10Y.NG0003\source\F10Y.NG0003\F10Y.NG0003.csproj", "{233C3604-0D79-4688-8B72-B8CF5E42A812}"
EndProject
Project("{9A19103F-16F7-4668-BE54-9A1E7A4F7556}") = "F10Y.L0001.L002", "..\..\F10Y.L0001\source\F10Y.L0001.L002\F10Y.L0001.L002.csproj", "{B6A3ACC7-4FF2-4F69-8A51-EA593641CBB6}"
EndProject
Project("{9A19103F-16F7-4668-BE54-9A1E7A4F7556}") = "F10Y.L0001.T000", "..\..\F10Y.L0001\source\F10Y.L0001.T000\F10Y.L0001.T000.csproj", "{860ED0B7-2976-43F4-B82F-9714C92B5643}"
EndProject
Project("{9A19103F-16F7-4668-BE54-9A1E7A4F7556}") = "F10Y.L0005.T001", "..\..\F10Y.L0005\source\F10Y.L0005.T001\F10Y.L0005.T001.csproj", "{1ACA0452-2DC7-4A20-B867-A2F141D299DE}"
EndProject
Project("{9A19103F-16F7-4668-BE54-9A1E7A4F7556}") = "F10Y.L0080", "..\..\F10Y.L0080\source\F10Y.L0080\F10Y.L0080.csproj", "{45A567D9-5C11-42BC-88EF-19F6C9A18D80}"
EndProject
Project("{9A19103F-16F7-4668-BE54-9A1E7A4F7556}") = "F10Y.T0009", "..\..\F10Y.T0009\source\F10Y.T0009\F10Y.T0009.csproj", "{B2E14FE3-2DEB-4EB5-AB73-325DB6FA5A3F}"
EndProject
Project("{9A19103F-16F7-4668-BE54-9A1E7A4F7556}") = "F10Y.L0000.Q000", "..\..\F10Y.L0000\source\F10Y.L0000.Q000\F10Y.L0000.Q000.csproj", "{BF8CD6BC-E94C-4EF5-8E00-AE7D60D4CEF5}"
EndProject
Project("{9A19103F-16F7-4668-BE54-9A1E7A4F7556}") = "F10Y.Q0000.Q000", "..\..\F10Y.Q0000\source\F10Y.Q0000.Q000\F10Y.Q0000.Q000.csproj", "{7FBA3737-2ED5-4A78-B86A-F666CBAFFC7B}"
EndProject
Project("{9A19103F-16F7-4668-BE54-9A1E7A4F7556}") = "F10Y.Q0000", "..\..\F10Y.Q0000\source\F10Y.Q0000\F10Y.Q0000.csproj", "{99B89205-E50D-4283-9F7A-B1B83E20426D}"
EndProject
Project("{9A19103F-16F7-4668-BE54-9A1E7A4F7556}") = "F10Y.L0001.L000", "..\..\F10Y.L0001\source\F10Y.L0001.L000\F10Y.L0001.L000.csproj", "{6A80D1EE-49BC-4340-83B8-6F5FB0EB310C}"
EndProject
Project("{9A19103F-16F7-4668-BE54-9A1E7A4F7556}") = "F10Y.L0001.L003", "..\..\F10Y.L0001\source\F10Y.L0001.L003\F10Y.L0001.L003.csproj", "{9FE9D245-4279-4E48-A474-9E521919D43A}"
EndProject
Project("{9A19103F-16F7-4668-BE54-9A1E7A4F7556}") = "F10Y.L0001.X000", "..\..\F10Y.L0001\source\F10Y.L0001.X000\F10Y.L0001.X000.csproj", "{2429AA85-494D-4D75-B94D-845FAA47BB40}"
EndProject
Project("{9A19103F-16F7-4668-BE54-9A1E7A4F7556}") = "F10Y.L0003.L001", "..\..\F10Y.L0003\source\F10Y.L0003.L001\F10Y.L0003.L001.csproj", "{FD4FFA1F-F4E7-4DF9-A15C-E771712DD1D4}"
EndProject
Project("{9A19103F-16F7-4668-BE54-9A1E7A4F7556}") = "F10Y.L0003", "..\..\F10Y.L0003\source\F10Y.L0003\F10Y.L0003.csproj", "{0F8EBED2-E32D-417E-9E5A-E5D34B7AAE99}"
EndProject
Project("{9A19103F-16F7-4668-BE54-9A1E7A4F7556}") = "F10Y.L0005.L001", "..\..\F10Y.L0005\source\F10Y.L0005.L001\F10Y.L0005.L001.csproj", "{C4ACE6DB-7DC0-479A-AF17-98FCBB7A09F0}"
EndProject
Project("{9A19103F-16F7-4668-BE54-9A1E7A4F7556}") = "F10Y.L0005.L002", "..\..\F10Y.L0005\source\F10Y.L0005.L002\F10Y.L0005.L002.csproj", "{3BE2FFDD-C34B-4CB5-AD94-C17BD68082E6}"
EndProject
Project("{9A19103F-16F7-4668-BE54-9A1E7A4F7556}") = "F10Y.L0005.T000", "..\..\F10Y.L0005\source\F10Y.L0005.T000\F10Y.L0005.T000.csproj", "{CCDD6C6D-9FBE-4F8B-9CFF-6901EE110C65}"
EndProject
Project("{9A19103F-16F7-4668-BE54-9A1E7A4F7556}") = "F10Y.L0005.T002", "..\..\F10Y.L0005\source\F10Y.L0005.T002\F10Y.L0005.T002.csproj", "{11F70D1D-8670-427B-A038-6AB4912409B8}"
EndProject
Project("{9A19103F-16F7-4668-BE54-9A1E7A4F7556}") = "F10Y.NG0008", "..\..\F10Y.NG0008\source\F10Y.NG0008\F10Y.NG0008.csproj", "{E784A73A-10AD-4A11-98F2-ACE5C8DCD072}"
EndProject
Project("{9A19103F-16F7-4668-BE54-9A1E7A4F7556}") = "F10Y.NG0009", "..\..\F10Y.NG0009\source\F10Y.NG0009\F10Y.NG0009.csproj", "{D0A72DA8-960A-4393-99B9-AE3AEBEABB7E}"
EndProject
Project("{9A19103F-16F7-4668-BE54-9A1E7A4F7556}") = "F10Y.Q0000.Q001", "..\..\F10Y.Q0000\source\F10Y.Q0000.Q001\F10Y.Q0000.Q001.csproj", "{D15437EB-7DDF-4C6A-B170-F4818F1EED4C}"
EndProject
Project("{9A19103F-16F7-4668-BE54-9A1E7A4F7556}") = "F10Y.T0014.T001", "..\..\F10Y.T0014\source\F10Y.T0014.T001\F10Y.T0014.T001.csproj", "{11F52390-FCE2-4839-9241-C292DFD46CAA}"
EndProject
Project("{9A19103F-16F7-4668-BE54-9A1E7A4F7556}") = "F10Y.T0016", "..\..\F10Y.T0016\source\F10Y.T0016\F10Y.T0016.csproj", "{8B9FFF06-960C-4F90-905B-7D5285344F8D}"
EndProject
Project("{9A19103F-16F7-4668-BE54-9A1E7A4F7556}") = "F10Y.Z0011.Z001", "..\..\F10Y.Z0011\source\F10Y.Z0011.Z001\F10Y.Z0011.Z001.csproj", "{19A9F22A-2DD4-4BB1-A61D-365D68A26BB0}"
EndProject
Project("{9A19103F-16F7-4668-BE54-9A1E7A4F7556}") = "F10Y.L0032", "..\..\F10Y.L0032\source\F10Y.L0032\F10Y.L0032.csproj", "{4991356B-8607-41B2-BA1B-DEFF051BC6CD}"
EndProject
Project("{9A19103F-16F7-4668-BE54-9A1E7A4F7556}") = "F10Y.T0014.T002", "..\..\F10Y.T0014\source\F10Y.T0014.T002\F10Y.T0014.T002.csproj", "{2A887461-826A-4FB9-9679-791A613DD645}"
EndProject
Global
	GlobalSection(NestedProjects) = preSolution
		{D8452F22-1912-4BF2-AAA0-E45B06A86F90} = {66245346-50EC-43EE-99CC-6C15B429A76B}
		{B63E7B62-908E-405B-A3C8-DABCC0B21E22} = {66245346-50EC-43EE-99CC-6C15B429A76B}
		{E7FF9295-8675-49FE-B583-3D2676588855} = {66245346-50EC-43EE-99CC-6C15B429A76B}
		{736B4840-85B7-4FE0-840B-D2DAE02CBF7B} = {66245346-50EC-43EE-99CC-6C15B429A76B}
		{F239ED9B-21C8-4BB0-9C2A-ACB2851F3663} = {66245346-50EC-43EE-99CC-6C15B429A76B}
		{C3D6F613-D76F-47BF-8CDE-86C082EFE538} = {66245346-50EC-43EE-99CC-6C15B429A76B}
		{29DE9900-E003-44B2-AD23-7D832D6CD941} = {66245346-50EC-43EE-99CC-6C15B429A76B}
		{286FFE28-F337-4716-BD13-6F72EA786205} = {66245346-50EC-43EE-99CC-6C15B429A76B}
		{565EEF49-0561-4341-8161-614CF377B5BC} = {66245346-50EC-43EE-99CC-6C15B429A76B}
		{2BE31641-8642-44E8-AA0C-4E6D7144137C} = {66245346-50EC-43EE-99CC-6C15B429A76B}
		{FD641CC8-6A51-425F-A3CA-FC350ED50253} = {66245346-50EC-43EE-99CC-6C15B429A76B}
		{333DF499-5385-4F54-B22C-5885991DE92F} = {66245346-50EC-43EE-99CC-6C15B429A76B}
		{9EBD0867-86B3-451D-B993-E5D180F12F78} = {66245346-50EC-43EE-99CC-6C15B429A76B}
		{6F8851EC-908E-4C6F-8A8B-C9FBA97BD76F} = {66245346-50EC-43EE-99CC-6C15B429A76B}
		{442E90B7-2B21-4868-88A8-A5F1AFD718B7} = {66245346-50EC-43EE-99CC-6C15B429A76B}
		{228FA7B4-FA9D-4934-A277-A6F5CD6267F2} = {66245346-50EC-43EE-99CC-6C15B429A76B}
		{7A342392-8134-4DDA-BF7C-D8DC6C2572A2} = {66245346-50EC-43EE-99CC-6C15B429A76B}
		{1BB767F1-FA16-46D2-BB9A-B279BC7B0AF4} = {66245346-50EC-43EE-99CC-6C15B429A76B}
		{671EC4C3-A5EF-47C7-A76B-4804F775EF18} = {66245346-50EC-43EE-99CC-6C15B429A76B}
		{CC01EEF9-8E41-4268-9EE4-D1561DB7943F} = {66245346-50EC-43EE-99CC-6C15B429A76B}
		{A06632E1-B087-4D17-A10C-7100F935AD32} = {66245346-50EC-43EE-99CC-6C15B429A76B}
		{B938EDDB-C71A-4C70-A49F-607BBE24FBBF} = {66245346-50EC-43EE-99CC-6C15B429A76B}
		{E72167B6-FE3D-422F-97BD-B4DE401DB8A3} = {66245346-50EC-43EE-99CC-6C15B429A76B}
		{13BF7CE0-A18B-4E4F-B953-89955668354B} = {66245346-50EC-43EE-99CC-6C15B429A76B}
		{AF597DFD-43E1-4FB1-9F35-06B022AE40F2} = {66245346-50EC-43EE-99CC-6C15B429A76B}
		{65A610C6-A827-459B-9196-0615F85AACBA} = {66245346-50EC-43EE-99CC-6C15B429A76B}
		{E80B731F-E784-438F-B415-DF6758F7D25E} = {66245346-50EC-43EE-99CC-6C15B429A76B}
		{3C3523CB-8088-4B81-9DA0-2E94EE7C2DA4} = {66245346-50EC-43EE-99CC-6C15B429A76B}
		{A88FBB89-6EC7-43D1-9748-FE93D00B44AD} = {66245346-50EC-43EE-99CC-6C15B429A76B}
		{77B9973C-214A-425A-85F1-013B2BFE611C} = {66245346-50EC-43EE-99CC-6C15B429A76B}
		{311FB842-9761-4D22-B9CF-12414860AA8C} = {66245346-50EC-43EE-99CC-6C15B429A76B}
		{18867DD9-8294-43C6-A025-67DE489613DA} = {66245346-50EC-43EE-99CC-6C15B429A76B}
		{2A43C158-B4EF-4C09-B7E2-3445E09A4CA2} = {66245346-50EC-43EE-99CC-6C15B429A76B}
		{B8C7E341-B6F8-4AB5-A85E-BD7DC7EEFA78} = {66245346-50EC-43EE-99CC-6C15B429A76B}
		{233C3604-0D79-4688-8B72-B8CF5E42A812} = {66245346-50EC-43EE-99CC-6C15B429A76B}
		{B6A3ACC7-4FF2-4F69-8A51-EA593641CBB6} = {66245346-50EC-43EE-99CC-6C15B429A76B}
		{860ED0B7-2976-43F4-B82F-9714C92B5643} = {66245346-50EC-43EE-99CC-6C15B429A76B}
		{1ACA0452-2DC7-4A20-B867-A2F141D299DE} = {66245346-50EC-43EE-99CC-6C15B429A76B}
		{45A567D9-5C11-42BC-88EF-19F6C9A18D80} = {66245346-50EC-43EE-99CC-6C15B429A76B}
		{B2E14FE3-2DEB-4EB5-AB73-325DB6FA5A3F} = {66245346-50EC-43EE-99CC-6C15B429A76B}
		{BF8CD6BC-E94C-4EF5-8E00-AE7D60D4CEF5} = {66245346-50EC-43EE-99CC-6C15B429A76B}
		{7FBA3737-2ED5-4A78-B86A-F666CBAFFC7B} = {66245346-50EC-43EE-99CC-6C15B429A76B}
		{99B89205-E50D-4283-9F7A-B1B83E20426D} = {66245346-50EC-43EE-99CC-6C15B429A76B}
		{6A80D1EE-49BC-4340-83B8-6F5FB0EB310C} = {66245346-50EC-43EE-99CC-6C15B429A76B}
		{9FE9D245-4279-4E48-A474-9E521919D43A} = {66245346-50EC-43EE-99CC-6C15B429A76B}
		{2429AA85-494D-4D75-B94D-845FAA47BB40} = {66245346-50EC-43EE-99CC-6C15B429A76B}
		{FD4FFA1F-F4E7-4DF9-A15C-E771712DD1D4} = {66245346-50EC-43EE-99CC-6C15B429A76B}
		{0F8EBED2-E32D-417E-9E5A-E5D34B7AAE99} = {66245346-50EC-43EE-99CC-6C15B429A76B}
		{C4ACE6DB-7DC0-479A-AF17-98FCBB7A09F0} = {66245346-50EC-43EE-99CC-6C15B429A76B}
		{3BE2FFDD-C34B-4CB5-AD94-C17BD68082E6} = {66245346-50EC-43EE-99CC-6C15B429A76B}
		{CCDD6C6D-9FBE-4F8B-9CFF-6901EE110C65} = {66245346-50EC-43EE-99CC-6C15B429A76B}
		{11F70D1D-8670-427B-A038-6AB4912409B8} = {66245346-50EC-43EE-99CC-6C15B429A76B}
		{E784A73A-10AD-4A11-98F2-ACE5C8DCD072} = {66245346-50EC-43EE-99CC-6C15B429A76B}
		{D0A72DA8-960A-4393-99B9-AE3AEBEABB7E} = {66245346-50EC-43EE-99CC-6C15B429A76B}
		{D15437EB-7DDF-4C6A-B170-F4818F1EED4C} = {66245346-50EC-43EE-99CC-6C15B429A76B}
		{11F52390-FCE2-4839-9241-C292DFD46CAA} = {66245346-50EC-43EE-99CC-6C15B429A76B}
		{8B9FFF06-960C-4F90-905B-7D5285344F8D} = {66245346-50EC-43EE-99CC-6C15B429A76B}
		{19A9F22A-2DD4-4BB1-A61D-365D68A26BB0} = {66245346-50EC-43EE-99CC-6C15B429A76B}
		{4991356B-8607-41B2-BA1B-DEFF051BC6CD} = {66245346-50EC-43EE-99CC-6C15B429A76B}
		{2A887461-826A-4FB9-9679-791A613DD645} = {66245346-50EC-43EE-99CC-6C15B429A76B}
	EndGlobalSection
	GlobalSection(SolutionConfigurationPlatforms) = preSolution
		Debug|Any CPU = Debug|Any CPU
		Release|Any CPU = Release|Any CPU
	EndGlobalSection
	GlobalSection(ProjectConfigurationPlatforms) = postSolution
		{0FFBDD67-4D1F-4B9E-AC66-2C0BF68A2739}.Debug|Any CPU.ActiveCfg = Debug|Any CPU
		{0FFBDD67-4D1F-4B9E-AC66-2C0BF68A2739}.Debug|Any CPU.Build.0 = Debug|Any CPU
		{0FFBDD67-4D1F-4B9E-AC66-2C0BF68A2739}.Release|Any CPU.ActiveCfg = Release|Any CPU
		{0FFBDD67-4D1F-4B9E-AC66-2C0BF68A2739}.Release|Any CPU.Build.0 = Release|Any CPU
		{D8452F22-1912-4BF2-AAA0-E45B06A86F90}.Debug|Any CPU.ActiveCfg = Debug|Any CPU
		{D8452F22-1912-4BF2-AAA0-E45B06A86F90}.Debug|Any CPU.Build.0 = Debug|Any CPU
		{D8452F22-1912-4BF2-AAA0-E45B06A86F90}.Release|Any CPU.ActiveCfg = Release|Any CPU
		{D8452F22-1912-4BF2-AAA0-E45B06A86F90}.Release|Any CPU.Build.0 = Release|Any CPU
		{B63E7B62-908E-405B-A3C8-DABCC0B21E22}.Debug|Any CPU.ActiveCfg = Debug|Any CPU
		{B63E7B62-908E-405B-A3C8-DABCC0B21E22}.Debug|Any CPU.Build.0 = Debug|Any CPU
		{B63E7B62-908E-405B-A3C8-DABCC0B21E22}.Release|Any CPU.ActiveCfg = Release|Any CPU
		{B63E7B62-908E-405B-A3C8-DABCC0B21E22}.Release|Any CPU.Build.0 = Release|Any CPU
		{E7FF9295-8675-49FE-B583-3D2676588855}.Debug|Any CPU.ActiveCfg = Debug|Any CPU
		{E7FF9295-8675-49FE-B583-3D2676588855}.Debug|Any CPU.Build.0 = Debug|Any CPU
		{E7FF9295-8675-49FE-B583-3D2676588855}.Release|Any CPU.ActiveCfg = Release|Any CPU
		{E7FF9295-8675-49FE-B583-3D2676588855}.Release|Any CPU.Build.0 = Release|Any CPU
		{736B4840-85B7-4FE0-840B-D2DAE02CBF7B}.Debug|Any CPU.ActiveCfg = Debug|Any CPU
		{736B4840-85B7-4FE0-840B-D2DAE02CBF7B}.Debug|Any CPU.Build.0 = Debug|Any CPU
		{736B4840-85B7-4FE0-840B-D2DAE02CBF7B}.Release|Any CPU.ActiveCfg = Release|Any CPU
		{736B4840-85B7-4FE0-840B-D2DAE02CBF7B}.Release|Any CPU.Build.0 = Release|Any CPU
		{F239ED9B-21C8-4BB0-9C2A-ACB2851F3663}.Debug|Any CPU.ActiveCfg = Debug|Any CPU
		{F239ED9B-21C8-4BB0-9C2A-ACB2851F3663}.Debug|Any CPU.Build.0 = Debug|Any CPU
		{F239ED9B-21C8-4BB0-9C2A-ACB2851F3663}.Release|Any CPU.ActiveCfg = Release|Any CPU
		{F239ED9B-21C8-4BB0-9C2A-ACB2851F3663}.Release|Any CPU.Build.0 = Release|Any CPU
		{C3D6F613-D76F-47BF-8CDE-86C082EFE538}.Debug|Any CPU.ActiveCfg = Debug|Any CPU
		{C3D6F613-D76F-47BF-8CDE-86C082EFE538}.Debug|Any CPU.Build.0 = Debug|Any CPU
		{C3D6F613-D76F-47BF-8CDE-86C082EFE538}.Release|Any CPU.ActiveCfg = Release|Any CPU
		{C3D6F613-D76F-47BF-8CDE-86C082EFE538}.Release|Any CPU.Build.0 = Release|Any CPU
		{29DE9900-E003-44B2-AD23-7D832D6CD941}.Debug|Any CPU.ActiveCfg = Debug|Any CPU
		{29DE9900-E003-44B2-AD23-7D832D6CD941}.Debug|Any CPU.Build.0 = Debug|Any CPU
		{29DE9900-E003-44B2-AD23-7D832D6CD941}.Release|Any CPU.ActiveCfg = Release|Any CPU
		{29DE9900-E003-44B2-AD23-7D832D6CD941}.Release|Any CPU.Build.0 = Release|Any CPU
		{286FFE28-F337-4716-BD13-6F72EA786205}.Debug|Any CPU.ActiveCfg = Debug|Any CPU
		{286FFE28-F337-4716-BD13-6F72EA786205}.Debug|Any CPU.Build.0 = Debug|Any CPU
		{286FFE28-F337-4716-BD13-6F72EA786205}.Release|Any CPU.ActiveCfg = Release|Any CPU
		{286FFE28-F337-4716-BD13-6F72EA786205}.Release|Any CPU.Build.0 = Release|Any CPU
		{565EEF49-0561-4341-8161-614CF377B5BC}.Debug|Any CPU.ActiveCfg = Debug|Any CPU
		{565EEF49-0561-4341-8161-614CF377B5BC}.Debug|Any CPU.Build.0 = Debug|Any CPU
		{565EEF49-0561-4341-8161-614CF377B5BC}.Release|Any CPU.ActiveCfg = Release|Any CPU
		{565EEF49-0561-4341-8161-614CF377B5BC}.Release|Any CPU.Build.0 = Release|Any CPU
		{2BE31641-8642-44E8-AA0C-4E6D7144137C}.Debug|Any CPU.ActiveCfg = Debug|Any CPU
		{2BE31641-8642-44E8-AA0C-4E6D7144137C}.Debug|Any CPU.Build.0 = Debug|Any CPU
		{2BE31641-8642-44E8-AA0C-4E6D7144137C}.Release|Any CPU.ActiveCfg = Release|Any CPU
		{2BE31641-8642-44E8-AA0C-4E6D7144137C}.Release|Any CPU.Build.0 = Release|Any CPU
		{FD641CC8-6A51-425F-A3CA-FC350ED50253}.Debug|Any CPU.ActiveCfg = Debug|Any CPU
		{FD641CC8-6A51-425F-A3CA-FC350ED50253}.Debug|Any CPU.Build.0 = Debug|Any CPU
		{FD641CC8-6A51-425F-A3CA-FC350ED50253}.Release|Any CPU.ActiveCfg = Release|Any CPU
		{FD641CC8-6A51-425F-A3CA-FC350ED50253}.Release|Any CPU.Build.0 = Release|Any CPU
		{333DF499-5385-4F54-B22C-5885991DE92F}.Debug|Any CPU.ActiveCfg = Debug|Any CPU
		{333DF499-5385-4F54-B22C-5885991DE92F}.Debug|Any CPU.Build.0 = Debug|Any CPU
		{333DF499-5385-4F54-B22C-5885991DE92F}.Release|Any CPU.ActiveCfg = Release|Any CPU
		{333DF499-5385-4F54-B22C-5885991DE92F}.Release|Any CPU.Build.0 = Release|Any CPU
		{9EBD0867-86B3-451D-B993-E5D180F12F78}.Debug|Any CPU.ActiveCfg = Debug|Any CPU
		{9EBD0867-86B3-451D-B993-E5D180F12F78}.Debug|Any CPU.Build.0 = Debug|Any CPU
		{9EBD0867-86B3-451D-B993-E5D180F12F78}.Release|Any CPU.ActiveCfg = Release|Any CPU
		{9EBD0867-86B3-451D-B993-E5D180F12F78}.Release|Any CPU.Build.0 = Release|Any CPU
		{6F8851EC-908E-4C6F-8A8B-C9FBA97BD76F}.Debug|Any CPU.ActiveCfg = Debug|Any CPU
		{6F8851EC-908E-4C6F-8A8B-C9FBA97BD76F}.Debug|Any CPU.Build.0 = Debug|Any CPU
		{6F8851EC-908E-4C6F-8A8B-C9FBA97BD76F}.Release|Any CPU.ActiveCfg = Release|Any CPU
		{6F8851EC-908E-4C6F-8A8B-C9FBA97BD76F}.Release|Any CPU.Build.0 = Release|Any CPU
		{442E90B7-2B21-4868-88A8-A5F1AFD718B7}.Debug|Any CPU.ActiveCfg = Debug|Any CPU
		{442E90B7-2B21-4868-88A8-A5F1AFD718B7}.Debug|Any CPU.Build.0 = Debug|Any CPU
		{442E90B7-2B21-4868-88A8-A5F1AFD718B7}.Release|Any CPU.ActiveCfg = Release|Any CPU
		{442E90B7-2B21-4868-88A8-A5F1AFD718B7}.Release|Any CPU.Build.0 = Release|Any CPU
		{228FA7B4-FA9D-4934-A277-A6F5CD6267F2}.Debug|Any CPU.ActiveCfg = Debug|Any CPU
		{228FA7B4-FA9D-4934-A277-A6F5CD6267F2}.Debug|Any CPU.Build.0 = Debug|Any CPU
		{228FA7B4-FA9D-4934-A277-A6F5CD6267F2}.Release|Any CPU.ActiveCfg = Release|Any CPU
		{228FA7B4-FA9D-4934-A277-A6F5CD6267F2}.Release|Any CPU.Build.0 = Release|Any CPU
		{7A342392-8134-4DDA-BF7C-D8DC6C2572A2}.Debug|Any CPU.ActiveCfg = Debug|Any CPU
		{7A342392-8134-4DDA-BF7C-D8DC6C2572A2}.Debug|Any CPU.Build.0 = Debug|Any CPU
		{7A342392-8134-4DDA-BF7C-D8DC6C2572A2}.Release|Any CPU.ActiveCfg = Release|Any CPU
		{7A342392-8134-4DDA-BF7C-D8DC6C2572A2}.Release|Any CPU.Build.0 = Release|Any CPU
		{1BB767F1-FA16-46D2-BB9A-B279BC7B0AF4}.Debug|Any CPU.ActiveCfg = Debug|Any CPU
		{1BB767F1-FA16-46D2-BB9A-B279BC7B0AF4}.Debug|Any CPU.Build.0 = Debug|Any CPU
		{1BB767F1-FA16-46D2-BB9A-B279BC7B0AF4}.Release|Any CPU.ActiveCfg = Release|Any CPU
		{1BB767F1-FA16-46D2-BB9A-B279BC7B0AF4}.Release|Any CPU.Build.0 = Release|Any CPU
		{671EC4C3-A5EF-47C7-A76B-4804F775EF18}.Debug|Any CPU.ActiveCfg = Debug|Any CPU
		{671EC4C3-A5EF-47C7-A76B-4804F775EF18}.Debug|Any CPU.Build.0 = Debug|Any CPU
		{671EC4C3-A5EF-47C7-A76B-4804F775EF18}.Release|Any CPU.ActiveCfg = Release|Any CPU
		{671EC4C3-A5EF-47C7-A76B-4804F775EF18}.Release|Any CPU.Build.0 = Release|Any CPU
		{CC01EEF9-8E41-4268-9EE4-D1561DB7943F}.Debug|Any CPU.ActiveCfg = Debug|Any CPU
		{CC01EEF9-8E41-4268-9EE4-D1561DB7943F}.Debug|Any CPU.Build.0 = Debug|Any CPU
		{CC01EEF9-8E41-4268-9EE4-D1561DB7943F}.Release|Any CPU.ActiveCfg = Release|Any CPU
		{CC01EEF9-8E41-4268-9EE4-D1561DB7943F}.Release|Any CPU.Build.0 = Release|Any CPU
		{A06632E1-B087-4D17-A10C-7100F935AD32}.Debug|Any CPU.ActiveCfg = Debug|Any CPU
		{A06632E1-B087-4D17-A10C-7100F935AD32}.Debug|Any CPU.Build.0 = Debug|Any CPU
		{A06632E1-B087-4D17-A10C-7100F935AD32}.Release|Any CPU.ActiveCfg = Release|Any CPU
		{A06632E1-B087-4D17-A10C-7100F935AD32}.Release|Any CPU.Build.0 = Release|Any CPU
		{B938EDDB-C71A-4C70-A49F-607BBE24FBBF}.Debug|Any CPU.ActiveCfg = Debug|Any CPU
		{B938EDDB-C71A-4C70-A49F-607BBE24FBBF}.Debug|Any CPU.Build.0 = Debug|Any CPU
		{B938EDDB-C71A-4C70-A49F-607BBE24FBBF}.Release|Any CPU.ActiveCfg = Release|Any CPU
		{B938EDDB-C71A-4C70-A49F-607BBE24FBBF}.Release|Any CPU.Build.0 = Release|Any CPU
		{E72167B6-FE3D-422F-97BD-B4DE401DB8A3}.Debug|Any CPU.ActiveCfg = Debug|Any CPU
		{E72167B6-FE3D-422F-97BD-B4DE401DB8A3}.Debug|Any CPU.Build.0 = Debug|Any CPU
		{E72167B6-FE3D-422F-97BD-B4DE401DB8A3}.Release|Any CPU.ActiveCfg = Release|Any CPU
		{E72167B6-FE3D-422F-97BD-B4DE401DB8A3}.Release|Any CPU.Build.0 = Release|Any CPU
		{13BF7CE0-A18B-4E4F-B953-89955668354B}.Debug|Any CPU.ActiveCfg = Debug|Any CPU
		{13BF7CE0-A18B-4E4F-B953-89955668354B}.Debug|Any CPU.Build.0 = Debug|Any CPU
		{13BF7CE0-A18B-4E4F-B953-89955668354B}.Release|Any CPU.ActiveCfg = Release|Any CPU
		{13BF7CE0-A18B-4E4F-B953-89955668354B}.Release|Any CPU.Build.0 = Release|Any CPU
		{AF597DFD-43E1-4FB1-9F35-06B022AE40F2}.Debug|Any CPU.ActiveCfg = Debug|Any CPU
		{AF597DFD-43E1-4FB1-9F35-06B022AE40F2}.Debug|Any CPU.Build.0 = Debug|Any CPU
		{AF597DFD-43E1-4FB1-9F35-06B022AE40F2}.Release|Any CPU.ActiveCfg = Release|Any CPU
		{AF597DFD-43E1-4FB1-9F35-06B022AE40F2}.Release|Any CPU.Build.0 = Release|Any CPU
		{65A610C6-A827-459B-9196-0615F85AACBA}.Debug|Any CPU.ActiveCfg = Debug|Any CPU
		{65A610C6-A827-459B-9196-0615F85AACBA}.Debug|Any CPU.Build.0 = Debug|Any CPU
		{65A610C6-A827-459B-9196-0615F85AACBA}.Release|Any CPU.ActiveCfg = Release|Any CPU
		{65A610C6-A827-459B-9196-0615F85AACBA}.Release|Any CPU.Build.0 = Release|Any CPU
		{E80B731F-E784-438F-B415-DF6758F7D25E}.Debug|Any CPU.ActiveCfg = Debug|Any CPU
		{E80B731F-E784-438F-B415-DF6758F7D25E}.Debug|Any CPU.Build.0 = Debug|Any CPU
		{E80B731F-E784-438F-B415-DF6758F7D25E}.Release|Any CPU.ActiveCfg = Release|Any CPU
		{E80B731F-E784-438F-B415-DF6758F7D25E}.Release|Any CPU.Build.0 = Release|Any CPU
		{3C3523CB-8088-4B81-9DA0-2E94EE7C2DA4}.Debug|Any CPU.ActiveCfg = Debug|Any CPU
		{3C3523CB-8088-4B81-9DA0-2E94EE7C2DA4}.Debug|Any CPU.Build.0 = Debug|Any CPU
		{3C3523CB-8088-4B81-9DA0-2E94EE7C2DA4}.Release|Any CPU.ActiveCfg = Release|Any CPU
		{3C3523CB-8088-4B81-9DA0-2E94EE7C2DA4}.Release|Any CPU.Build.0 = Release|Any CPU
		{A88FBB89-6EC7-43D1-9748-FE93D00B44AD}.Debug|Any CPU.ActiveCfg = Debug|Any CPU
		{A88FBB89-6EC7-43D1-9748-FE93D00B44AD}.Debug|Any CPU.Build.0 = Debug|Any CPU
		{A88FBB89-6EC7-43D1-9748-FE93D00B44AD}.Release|Any CPU.ActiveCfg = Release|Any CPU
		{A88FBB89-6EC7-43D1-9748-FE93D00B44AD}.Release|Any CPU.Build.0 = Release|Any CPU
		{77B9973C-214A-425A-85F1-013B2BFE611C}.Debug|Any CPU.ActiveCfg = Debug|Any CPU
		{77B9973C-214A-425A-85F1-013B2BFE611C}.Debug|Any CPU.Build.0 = Debug|Any CPU
		{77B9973C-214A-425A-85F1-013B2BFE611C}.Release|Any CPU.ActiveCfg = Release|Any CPU
		{77B9973C-214A-425A-85F1-013B2BFE611C}.Release|Any CPU.Build.0 = Release|Any CPU
		{311FB842-9761-4D22-B9CF-12414860AA8C}.Debug|Any CPU.ActiveCfg = Debug|Any CPU
		{311FB842-9761-4D22-B9CF-12414860AA8C}.Debug|Any CPU.Build.0 = Debug|Any CPU
		{311FB842-9761-4D22-B9CF-12414860AA8C}.Release|Any CPU.ActiveCfg = Release|Any CPU
		{311FB842-9761-4D22-B9CF-12414860AA8C}.Release|Any CPU.Build.0 = Release|Any CPU
		{18867DD9-8294-43C6-A025-67DE489613DA}.Debug|Any CPU.ActiveCfg = Debug|Any CPU
		{18867DD9-8294-43C6-A025-67DE489613DA}.Debug|Any CPU.Build.0 = Debug|Any CPU
		{18867DD9-8294-43C6-A025-67DE489613DA}.Release|Any CPU.ActiveCfg = Release|Any CPU
		{18867DD9-8294-43C6-A025-67DE489613DA}.Release|Any CPU.Build.0 = Release|Any CPU
		{2A43C158-B4EF-4C09-B7E2-3445E09A4CA2}.Debug|Any CPU.ActiveCfg = Debug|Any CPU
		{2A43C158-B4EF-4C09-B7E2-3445E09A4CA2}.Debug|Any CPU.Build.0 = Debug|Any CPU
		{2A43C158-B4EF-4C09-B7E2-3445E09A4CA2}.Release|Any CPU.ActiveCfg = Release|Any CPU
		{2A43C158-B4EF-4C09-B7E2-3445E09A4CA2}.Release|Any CPU.Build.0 = Release|Any CPU
		{B8C7E341-B6F8-4AB5-A85E-BD7DC7EEFA78}.Debug|Any CPU.ActiveCfg = Debug|Any CPU
		{B8C7E341-B6F8-4AB5-A85E-BD7DC7EEFA78}.Debug|Any CPU.Build.0 = Debug|Any CPU
		{B8C7E341-B6F8-4AB5-A85E-BD7DC7EEFA78}.Release|Any CPU.ActiveCfg = Release|Any CPU
		{B8C7E341-B6F8-4AB5-A85E-BD7DC7EEFA78}.Release|Any CPU.Build.0 = Release|Any CPU
		{233C3604-0D79-4688-8B72-B8CF5E42A812}.Debug|Any CPU.ActiveCfg = Debug|Any CPU
		{233C3604-0D79-4688-8B72-B8CF5E42A812}.Debug|Any CPU.Build.0 = Debug|Any CPU
		{233C3604-0D79-4688-8B72-B8CF5E42A812}.Release|Any CPU.ActiveCfg = Release|Any CPU
		{233C3604-0D79-4688-8B72-B8CF5E42A812}.Release|Any CPU.Build.0 = Release|Any CPU
		{B6A3ACC7-4FF2-4F69-8A51-EA593641CBB6}.Debug|Any CPU.ActiveCfg = Debug|Any CPU
		{B6A3ACC7-4FF2-4F69-8A51-EA593641CBB6}.Debug|Any CPU.Build.0 = Debug|Any CPU
		{B6A3ACC7-4FF2-4F69-8A51-EA593641CBB6}.Release|Any CPU.ActiveCfg = Release|Any CPU
		{B6A3ACC7-4FF2-4F69-8A51-EA593641CBB6}.Release|Any CPU.Build.0 = Release|Any CPU
		{860ED0B7-2976-43F4-B82F-9714C92B5643}.Debug|Any CPU.ActiveCfg = Debug|Any CPU
		{860ED0B7-2976-43F4-B82F-9714C92B5643}.Debug|Any CPU.Build.0 = Debug|Any CPU
		{860ED0B7-2976-43F4-B82F-9714C92B5643}.Release|Any CPU.ActiveCfg = Release|Any CPU
		{860ED0B7-2976-43F4-B82F-9714C92B5643}.Release|Any CPU.Build.0 = Release|Any CPU
		{1ACA0452-2DC7-4A20-B867-A2F141D299DE}.Debug|Any CPU.ActiveCfg = Debug|Any CPU
		{1ACA0452-2DC7-4A20-B867-A2F141D299DE}.Debug|Any CPU.Build.0 = Debug|Any CPU
		{1ACA0452-2DC7-4A20-B867-A2F141D299DE}.Release|Any CPU.ActiveCfg = Release|Any CPU
		{1ACA0452-2DC7-4A20-B867-A2F141D299DE}.Release|Any CPU.Build.0 = Release|Any CPU
		{45A567D9-5C11-42BC-88EF-19F6C9A18D80}.Debug|Any CPU.ActiveCfg = Debug|Any CPU
		{45A567D9-5C11-42BC-88EF-19F6C9A18D80}.Debug|Any CPU.Build.0 = Debug|Any CPU
		{45A567D9-5C11-42BC-88EF-19F6C9A18D80}.Release|Any CPU.ActiveCfg = Release|Any CPU
		{45A567D9-5C11-42BC-88EF-19F6C9A18D80}.Release|Any CPU.Build.0 = Release|Any CPU
		{B2E14FE3-2DEB-4EB5-AB73-325DB6FA5A3F}.Debug|Any CPU.ActiveCfg = Debug|Any CPU
		{B2E14FE3-2DEB-4EB5-AB73-325DB6FA5A3F}.Debug|Any CPU.Build.0 = Debug|Any CPU
		{B2E14FE3-2DEB-4EB5-AB73-325DB6FA5A3F}.Release|Any CPU.ActiveCfg = Release|Any CPU
		{B2E14FE3-2DEB-4EB5-AB73-325DB6FA5A3F}.Release|Any CPU.Build.0 = Release|Any CPU
		{BF8CD6BC-E94C-4EF5-8E00-AE7D60D4CEF5}.Debug|Any CPU.ActiveCfg = Debug|Any CPU
		{BF8CD6BC-E94C-4EF5-8E00-AE7D60D4CEF5}.Debug|Any CPU.Build.0 = Debug|Any CPU
		{BF8CD6BC-E94C-4EF5-8E00-AE7D60D4CEF5}.Release|Any CPU.ActiveCfg = Release|Any CPU
		{BF8CD6BC-E94C-4EF5-8E00-AE7D60D4CEF5}.Release|Any CPU.Build.0 = Release|Any CPU
		{7FBA3737-2ED5-4A78-B86A-F666CBAFFC7B}.Debug|Any CPU.ActiveCfg = Debug|Any CPU
		{7FBA3737-2ED5-4A78-B86A-F666CBAFFC7B}.Debug|Any CPU.Build.0 = Debug|Any CPU
		{7FBA3737-2ED5-4A78-B86A-F666CBAFFC7B}.Release|Any CPU.ActiveCfg = Release|Any CPU
		{7FBA3737-2ED5-4A78-B86A-F666CBAFFC7B}.Release|Any CPU.Build.0 = Release|Any CPU
		{99B89205-E50D-4283-9F7A-B1B83E20426D}.Debug|Any CPU.ActiveCfg = Debug|Any CPU
		{99B89205-E50D-4283-9F7A-B1B83E20426D}.Debug|Any CPU.Build.0 = Debug|Any CPU
		{99B89205-E50D-4283-9F7A-B1B83E20426D}.Release|Any CPU.ActiveCfg = Release|Any CPU
		{99B89205-E50D-4283-9F7A-B1B83E20426D}.Release|Any CPU.Build.0 = Release|Any CPU
		{6A80D1EE-49BC-4340-83B8-6F5FB0EB310C}.Debug|Any CPU.ActiveCfg = Debug|Any CPU
		{6A80D1EE-49BC-4340-83B8-6F5FB0EB310C}.Debug|Any CPU.Build.0 = Debug|Any CPU
		{6A80D1EE-49BC-4340-83B8-6F5FB0EB310C}.Release|Any CPU.ActiveCfg = Release|Any CPU
		{6A80D1EE-49BC-4340-83B8-6F5FB0EB310C}.Release|Any CPU.Build.0 = Release|Any CPU
		{9FE9D245-4279-4E48-A474-9E521919D43A}.Debug|Any CPU.ActiveCfg = Debug|Any CPU
		{9FE9D245-4279-4E48-A474-9E521919D43A}.Debug|Any CPU.Build.0 = Debug|Any CPU
		{9FE9D245-4279-4E48-A474-9E521919D43A}.Release|Any CPU.ActiveCfg = Release|Any CPU
		{9FE9D245-4279-4E48-A474-9E521919D43A}.Release|Any CPU.Build.0 = Release|Any CPU
		{2429AA85-494D-4D75-B94D-845FAA47BB40}.Debug|Any CPU.ActiveCfg = Debug|Any CPU
		{2429AA85-494D-4D75-B94D-845FAA47BB40}.Debug|Any CPU.Build.0 = Debug|Any CPU
		{2429AA85-494D-4D75-B94D-845FAA47BB40}.Release|Any CPU.ActiveCfg = Release|Any CPU
		{2429AA85-494D-4D75-B94D-845FAA47BB40}.Release|Any CPU.Build.0 = Release|Any CPU
		{FD4FFA1F-F4E7-4DF9-A15C-E771712DD1D4}.Debug|Any CPU.ActiveCfg = Debug|Any CPU
		{FD4FFA1F-F4E7-4DF9-A15C-E771712DD1D4}.Debug|Any CPU.Build.0 = Debug|Any CPU
		{FD4FFA1F-F4E7-4DF9-A15C-E771712DD1D4}.Release|Any CPU.ActiveCfg = Release|Any CPU
		{FD4FFA1F-F4E7-4DF9-A15C-E771712DD1D4}.Release|Any CPU.Build.0 = Release|Any CPU
		{0F8EBED2-E32D-417E-9E5A-E5D34B7AAE99}.Debug|Any CPU.ActiveCfg = Debug|Any CPU
		{0F8EBED2-E32D-417E-9E5A-E5D34B7AAE99}.Debug|Any CPU.Build.0 = Debug|Any CPU
		{0F8EBED2-E32D-417E-9E5A-E5D34B7AAE99}.Release|Any CPU.ActiveCfg = Release|Any CPU
		{0F8EBED2-E32D-417E-9E5A-E5D34B7AAE99}.Release|Any CPU.Build.0 = Release|Any CPU
		{C4ACE6DB-7DC0-479A-AF17-98FCBB7A09F0}.Debug|Any CPU.ActiveCfg = Debug|Any CPU
		{C4ACE6DB-7DC0-479A-AF17-98FCBB7A09F0}.Debug|Any CPU.Build.0 = Debug|Any CPU
		{C4ACE6DB-7DC0-479A-AF17-98FCBB7A09F0}.Release|Any CPU.ActiveCfg = Release|Any CPU
		{C4ACE6DB-7DC0-479A-AF17-98FCBB7A09F0}.Release|Any CPU.Build.0 = Release|Any CPU
		{3BE2FFDD-C34B-4CB5-AD94-C17BD68082E6}.Debug|Any CPU.ActiveCfg = Debug|Any CPU
		{3BE2FFDD-C34B-4CB5-AD94-C17BD68082E6}.Debug|Any CPU.Build.0 = Debug|Any CPU
		{3BE2FFDD-C34B-4CB5-AD94-C17BD68082E6}.Release|Any CPU.ActiveCfg = Release|Any CPU
		{3BE2FFDD-C34B-4CB5-AD94-C17BD68082E6}.Release|Any CPU.Build.0 = Release|Any CPU
		{CCDD6C6D-9FBE-4F8B-9CFF-6901EE110C65}.Debug|Any CPU.ActiveCfg = Debug|Any CPU
		{CCDD6C6D-9FBE-4F8B-9CFF-6901EE110C65}.Debug|Any CPU.Build.0 = Debug|Any CPU
		{CCDD6C6D-9FBE-4F8B-9CFF-6901EE110C65}.Release|Any CPU.ActiveCfg = Release|Any CPU
		{CCDD6C6D-9FBE-4F8B-9CFF-6901EE110C65}.Release|Any CPU.Build.0 = Release|Any CPU
		{11F70D1D-8670-427B-A038-6AB4912409B8}.Debug|Any CPU.ActiveCfg = Debug|Any CPU
		{11F70D1D-8670-427B-A038-6AB4912409B8}.Debug|Any CPU.Build.0 = Debug|Any CPU
		{11F70D1D-8670-427B-A038-6AB4912409B8}.Release|Any CPU.ActiveCfg = Release|Any CPU
		{11F70D1D-8670-427B-A038-6AB4912409B8}.Release|Any CPU.Build.0 = Release|Any CPU
		{E784A73A-10AD-4A11-98F2-ACE5C8DCD072}.Debug|Any CPU.ActiveCfg = Debug|Any CPU
		{E784A73A-10AD-4A11-98F2-ACE5C8DCD072}.Debug|Any CPU.Build.0 = Debug|Any CPU
		{E784A73A-10AD-4A11-98F2-ACE5C8DCD072}.Release|Any CPU.ActiveCfg = Release|Any CPU
		{E784A73A-10AD-4A11-98F2-ACE5C8DCD072}.Release|Any CPU.Build.0 = Release|Any CPU
		{D0A72DA8-960A-4393-99B9-AE3AEBEABB7E}.Debug|Any CPU.ActiveCfg = Debug|Any CPU
		{D0A72DA8-960A-4393-99B9-AE3AEBEABB7E}.Debug|Any CPU.Build.0 = Debug|Any CPU
		{D0A72DA8-960A-4393-99B9-AE3AEBEABB7E}.Release|Any CPU.ActiveCfg = Release|Any CPU
		{D0A72DA8-960A-4393-99B9-AE3AEBEABB7E}.Release|Any CPU.Build.0 = Release|Any CPU
		{D15437EB-7DDF-4C6A-B170-F4818F1EED4C}.Debug|Any CPU.ActiveCfg = Debug|Any CPU
		{D15437EB-7DDF-4C6A-B170-F4818F1EED4C}.Debug|Any CPU.Build.0 = Debug|Any CPU
		{D15437EB-7DDF-4C6A-B170-F4818F1EED4C}.Release|Any CPU.ActiveCfg = Release|Any CPU
		{D15437EB-7DDF-4C6A-B170-F4818F1EED4C}.Release|Any CPU.Build.0 = Release|Any CPU
		{11F52390-FCE2-4839-9241-C292DFD46CAA}.Debug|Any CPU.ActiveCfg = Debug|Any CPU
		{11F52390-FCE2-4839-9241-C292DFD46CAA}.Debug|Any CPU.Build.0 = Debug|Any CPU
		{11F52390-FCE2-4839-9241-C292DFD46CAA}.Release|Any CPU.ActiveCfg = Release|Any CPU
		{11F52390-FCE2-4839-9241-C292DFD46CAA}.Release|Any CPU.Build.0 = Release|Any CPU
		{8B9FFF06-960C-4F90-905B-7D5285344F8D}.Debug|Any CPU.ActiveCfg = Debug|Any CPU
		{8B9FFF06-960C-4F90-905B-7D5285344F8D}.Debug|Any CPU.Build.0 = Debug|Any CPU
		{8B9FFF06-960C-4F90-905B-7D5285344F8D}.Release|Any CPU.ActiveCfg = Release|Any CPU
		{8B9FFF06-960C-4F90-905B-7D5285344F8D}.Release|Any CPU.Build.0 = Release|Any CPU
		{19A9F22A-2DD4-4BB1-A61D-365D68A26BB0}.Debug|Any CPU.ActiveCfg = Debug|Any CPU
		{19A9F22A-2DD4-4BB1-A61D-365D68A26BB0}.Debug|Any CPU.Build.0 = Debug|Any CPU
		{19A9F22A-2DD4-4BB1-A61D-365D68A26BB0}.Release|Any CPU.ActiveCfg = Release|Any CPU
		{19A9F22A-2DD4-4BB1-A61D-365D68A26BB0}.Release|Any CPU.Build.0 = Release|Any CPU
		{4991356B-8607-41B2-BA1B-DEFF051BC6CD}.Debug|Any CPU.ActiveCfg = Debug|Any CPU
		{4991356B-8607-41B2-BA1B-DEFF051BC6CD}.Debug|Any CPU.Build.0 = Debug|Any CPU
		{4991356B-8607-41B2-BA1B-DEFF051BC6CD}.Release|Any CPU.ActiveCfg = Release|Any CPU
		{4991356B-8607-41B2-BA1B-DEFF051BC6CD}.Release|Any CPU.Build.0 = Release|Any CPU
		{2A887461-826A-4FB9-9679-791A613DD645}.Debug|Any CPU.ActiveCfg = Debug|Any CPU
		{2A887461-826A-4FB9-9679-791A613DD645}.Debug|Any CPU.Build.0 = Debug|Any CPU
		{2A887461-826A-4FB9-9679-791A613DD645}.Release|Any CPU.ActiveCfg = Release|Any CPU
		{2A887461-826A-4FB9-9679-791A613DD645}.Release|Any CPU.Build.0 = Release|Any CPU
	EndGlobalSection
	GlobalSection(SolutionProperties) = preSolution
		HideSolutionNode = FALSE
	EndGlobalSection
	GlobalSection(ExtensibilityGlobals) = postSolution
		SolutionGuid = {B4BAC127-F02D-4FDC-86C1-34675762B8BF}
	EndGlobalSection
EndGlobal
